// !$*UTF8*$!
{
	archiveVersion = 1;
	classes = {
	};
	objectVersion = 56;
	objects = {

/* Begin PBXBuildFile section */
		D2018C752A9FAE9700AD8C7C /* XCAFootballDataClient in Frameworks */ = {isa = PBXBuildFile; productRef = D2018C742A9FAE9700AD8C7C /* XCAFootballDataClient */; };
		D2018C782A9FAEDB00AD8C7C /* StandingsTableView.swift in Sources */ = {isa = PBXBuildFile; fileRef = D2018C772A9FAEDB00AD8C7C /* StandingsTableView.swift */; };
		D2018C7B2A9FB07D00AD8C7C /* StandingsTableObservable.swift in Sources */ = {isa = PBXBuildFile; fileRef = D2018C7A2A9FB07D00AD8C7C /* StandingsTableObservable.swift */; };
		D2018C7D2A9FB0CB00AD8C7C /* FetchPhase.swift in Sources */ = {isa = PBXBuildFile; fileRef = D2018C7C2A9FB0CB00AD8C7C /* FetchPhase.swift */; };
		D2018C802A9FB2EB00AD8C7C /* scorers.json in Resources */ = {isa = PBXBuildFile; fileRef = D2018C7F2A9FB2EB00AD8C7C /* scorers.json */; };
		D2018C822A9FB2F900AD8C7C /* standings.json in Resources */ = {isa = PBXBuildFile; fileRef = D2018C812A9FB2F900AD8C7C /* standings.json */; };
		D2018C842A9FB32200AD8C7C /* Utility.swift in Sources */ = {isa = PBXBuildFile; fileRef = D2018C832A9FB32200AD8C7C /* Utility.swift */; };
		D20D27A12B09D1270087152A /* Secret.swift in Sources */ = {isa = PBXBuildFile; fileRef = D20D27A02B09D1270087152A /* Secret.swift */; };
		D216B66B2A9FEA650085D539 /* StandingsTabItemView.swift in Sources */ = {isa = PBXBuildFile; fileRef = D216B66A2A9FEA650085D539 /* StandingsTabItemView.swift */; };
		D216B66D2A9FEE110085D539 /* TopScorersTableView.swift in Sources */ = {isa = PBXBuildFile; fileRef = D216B66C2A9FEE110085D539 /* TopScorersTableView.swift */; };
		D216B66F2A9FEE4F0085D539 /* TopScorersTableObservable.swift in Sources */ = {isa = PBXBuildFile; fileRef = D216B66E2A9FEE4F0085D539 /* TopScorersTableObservable.swift */; };
		D21BD0BD2A9FD6B8009C71B8 /* SVGImageSwiftUI in Frameworks */ = {isa = PBXBuildFile; productRef = D21BD0BC2A9FD6B8009C71B8 /* SVGImageSwiftUI */; };
		D26BF13A2A9FACF20086C6CC /* RealityKitContent in Frameworks */ = {isa = PBXBuildFile; productRef = D26BF1392A9FACF20086C6CC /* RealityKitContent */; };
		D26BF13C2A9FACF20086C6CC /* FootballOSApp.swift in Sources */ = {isa = PBXBuildFile; fileRef = D26BF13B2A9FACF20086C6CC /* FootballOSApp.swift */; };
		D26BF13E2A9FACF20086C6CC /* ContentView.swift in Sources */ = {isa = PBXBuildFile; fileRef = D26BF13D2A9FACF20086C6CC /* ContentView.swift */; };
		D26BF1402A9FACF30086C6CC /* Assets.xcassets in Resources */ = {isa = PBXBuildFile; fileRef = D26BF13F2A9FACF30086C6CC /* Assets.xcassets */; };
		D26BF1432A9FACF30086C6CC /* Preview Assets.xcassets in Resources */ = {isa = PBXBuildFile; fileRef = D26BF1422A9FACF30086C6CC /* Preview Assets.xcassets */; };
		D2ACEFCA2AA039BB0058B5E9 /* TopScorersTabItemView.swift in Sources */ = {isa = PBXBuildFile; fileRef = D2ACEFC92AA039BB0058B5E9 /* TopScorersTabItemView.swift */; };
/* End PBXBuildFile section */

/* Begin PBXFileReference section */
		D2018C772A9FAEDB00AD8C7C /* StandingsTableView.swift */ = {isa = PBXFileReference; lastKnownFileType = sourcecode.swift; path = StandingsTableView.swift; sourceTree = "<group>"; };
		D2018C7A2A9FB07D00AD8C7C /* StandingsTableObservable.swift */ = {isa = PBXFileReference; lastKnownFileType = sourcecode.swift; path = StandingsTableObservable.swift; sourceTree = "<group>"; };
		D2018C7C2A9FB0CB00AD8C7C /* FetchPhase.swift */ = {isa = PBXFileReference; lastKnownFileType = sourcecode.swift; path = FetchPhase.swift; sourceTree = "<group>"; };
		D2018C7F2A9FB2EB00AD8C7C /* scorers.json */ = {isa = PBXFileReference; lastKnownFileType = text.json; path = scorers.json; sourceTree = "<group>"; };
		D2018C812A9FB2F900AD8C7C /* standings.json */ = {isa = PBXFileReference; lastKnownFileType = text.json; path = standings.json; sourceTree = "<group>"; };
		D2018C832A9FB32200AD8C7C /* Utility.swift */ = {isa = PBXFileReference; lastKnownFileType = sourcecode.swift; path = Utility.swift; sourceTree = "<group>"; };
		D20D27A02B09D1270087152A /* Secret.swift */ = {isa = PBXFileReference; fileEncoding = 4; lastKnownFileType = sourcecode.swift; path = Secret.swift; sourceTree = "<group>"; };
		D216B66A2A9FEA650085D539 /* StandingsTabItemView.swift */ = {isa = PBXFileReference; lastKnownFileType = sourcecode.swift; path = StandingsTabItemView.swift; sourceTree = "<group>"; };
		D216B66C2A9FEE110085D539 /* TopScorersTableView.swift */ = {isa = PBXFileReference; lastKnownFileType = sourcecode.swift; path = TopScorersTableView.swift; sourceTree = "<group>"; };
		D216B66E2A9FEE4F0085D539 /* TopScorersTableObservable.swift */ = {isa = PBXFileReference; lastKnownFileType = sourcecode.swift; path = TopScorersTableObservable.swift; sourceTree = "<group>"; };
		D26BF1342A9FACF20086C6CC /* FootballOS.app */ = {isa = PBXFileReference; explicitFileType = wrapper.application; includeInIndex = 0; path = FootballOS.app; sourceTree = BUILT_PRODUCTS_DIR; };
		D26BF1382A9FACF20086C6CC /* RealityKitContent */ = {isa = PBXFileReference; lastKnownFileType = wrapper; path = RealityKitContent; sourceTree = "<group>"; };
		D26BF13B2A9FACF20086C6CC /* FootballOSApp.swift */ = {isa = PBXFileReference; lastKnownFileType = sourcecode.swift; path = FootballOSApp.swift; sourceTree = "<group>"; };
		D26BF13D2A9FACF20086C6CC /* ContentView.swift */ = {isa = PBXFileReference; lastKnownFileType = sourcecode.swift; path = ContentView.swift; sourceTree = "<group>"; };
		D26BF13F2A9FACF30086C6CC /* Assets.xcassets */ = {isa = PBXFileReference; lastKnownFileType = folder.assetcatalog; path = Assets.xcassets; sourceTree = "<group>"; };
		D26BF1422A9FACF30086C6CC /* Preview Assets.xcassets */ = {isa = PBXFileReference; lastKnownFileType = folder.assetcatalog; path = "Preview Assets.xcassets"; sourceTree = "<group>"; };
		D26BF1442A9FACF30086C6CC /* Info.plist */ = {isa = PBXFileReference; lastKnownFileType = text.plist.xml; path = Info.plist; sourceTree = "<group>"; };
		D2ACEFC92AA039BB0058B5E9 /* TopScorersTabItemView.swift */ = {isa = PBXFileReference; lastKnownFileType = sourcecode.swift; path = TopScorersTabItemView.swift; sourceTree = "<group>"; };
/* End PBXFileReference section */

/* Begin PBXFrameworksBuildPhase section */
		D26BF1312A9FACF20086C6CC /* Frameworks */ = {
			isa = PBXFrameworksBuildPhase;
			buildActionMask = 2147483647;
			files = (
				D21BD0BD2A9FD6B8009C71B8 /* SVGImageSwiftUI in Frameworks */,
				D26BF13A2A9FACF20086C6CC /* RealityKitContent in Frameworks */,
				D2018C752A9FAE9700AD8C7C /* XCAFootballDataClient in Frameworks */,
			);
			runOnlyForDeploymentPostprocessing = 0;
		};
/* End PBXFrameworksBuildPhase section */

/* Begin PBXGroup section */
		D2018C762A9FAEC500AD8C7C /* Views */ = {
			isa = PBXGroup;
			children = (
				D2018C772A9FAEDB00AD8C7C /* StandingsTableView.swift */,
				D216B66A2A9FEA650085D539 /* StandingsTabItemView.swift */,
				D216B66C2A9FEE110085D539 /* TopScorersTableView.swift */,
				D2ACEFC92AA039BB0058B5E9 /* TopScorersTabItemView.swift */,
			);
			path = Views;
			sourceTree = "<group>";
		};
		D2018C792A9FB06F00AD8C7C /* Observables */ = {
			isa = PBXGroup;
			children = (
				D2018C7A2A9FB07D00AD8C7C /* StandingsTableObservable.swift */,
				D216B66E2A9FEE4F0085D539 /* TopScorersTableObservable.swift */,
			);
			path = Observables;
			sourceTree = "<group>";
		};
		D2018C7E2A9FB28200AD8C7C /* Stubs */ = {
			isa = PBXGroup;
			children = (
				D2018C7F2A9FB2EB00AD8C7C /* scorers.json */,
				D2018C812A9FB2F900AD8C7C /* standings.json */,
			);
			path = Stubs;
			sourceTree = "<group>";
		};
		D21BD0BA2A9FD69C009C71B8 /* Frameworks */ = {
			isa = PBXGroup;
			children = (
			);
			name = Frameworks;
			sourceTree = "<group>";
		};
		D26BF12B2A9FACF20086C6CC = {
			isa = PBXGroup;
			children = (
				D26BF1362A9FACF20086C6CC /* FootballOS */,
				D26BF1372A9FACF20086C6CC /* Packages */,
				D26BF1352A9FACF20086C6CC /* Products */,
				D21BD0BA2A9FD69C009C71B8 /* Frameworks */,
			);
			sourceTree = "<group>";
		};
		D26BF1352A9FACF20086C6CC /* Products */ = {
			isa = PBXGroup;
			children = (
				D26BF1342A9FACF20086C6CC /* FootballOS.app */,
			);
			name = Products;
			sourceTree = "<group>";
		};
		D26BF1362A9FACF20086C6CC /* FootballOS */ = {
			isa = PBXGroup;
			children = (
				D2018C7E2A9FB28200AD8C7C /* Stubs */,
				D2018C792A9FB06F00AD8C7C /* Observables */,
				D2018C762A9FAEC500AD8C7C /* Views */,
				D26BF13B2A9FACF20086C6CC /* FootballOSApp.swift */,
				D20D27A02B09D1270087152A /* Secret.swift */,
				D26BF13D2A9FACF20086C6CC /* ContentView.swift */,
				D26BF13F2A9FACF30086C6CC /* Assets.xcassets */,
				D26BF1442A9FACF30086C6CC /* Info.plist */,
				D26BF1412A9FACF30086C6CC /* Preview Content */,
				D2018C7C2A9FB0CB00AD8C7C /* FetchPhase.swift */,
				D2018C832A9FB32200AD8C7C /* Utility.swift */,
			);
			path = FootballOS;
			sourceTree = "<group>";
		};
		D26BF1372A9FACF20086C6CC /* Packages */ = {
			isa = PBXGroup;
			children = (
				D26BF1382A9FACF20086C6CC /* RealityKitContent */,
			);
			path = Packages;
			sourceTree = "<group>";
		};
		D26BF1412A9FACF30086C6CC /* Preview Content */ = {
			isa = PBXGroup;
			children = (
				D26BF1422A9FACF30086C6CC /* Preview Assets.xcassets */,
			);
			path = "Preview Content";
			sourceTree = "<group>";
		};
/* End PBXGroup section */

/* Begin PBXNativeTarget section */
		D26BF1332A9FACF20086C6CC /* FootballOS */ = {
			isa = PBXNativeTarget;
			buildConfigurationList = D26BF1472A9FACF30086C6CC /* Build configuration list for PBXNativeTarget "FootballOS" */;
			buildPhases = (
				D26BF1302A9FACF20086C6CC /* Sources */,
				D26BF1312A9FACF20086C6CC /* Frameworks */,
				D26BF1322A9FACF20086C6CC /* Resources */,
			);
			buildRules = (
			);
			dependencies = (
			);
			name = FootballOS;
			packageProductDependencies = (
				D26BF1392A9FACF20086C6CC /* RealityKitContent */,
				D2018C742A9FAE9700AD8C7C /* XCAFootballDataClient */,
				D21BD0BC2A9FD6B8009C71B8 /* SVGImageSwiftUI */,
			);
			productName = FootballOS;
			productReference = D26BF1342A9FACF20086C6CC /* FootballOS.app */;
			productType = "com.apple.product-type.application";
		};
/* End PBXNativeTarget section */

/* Begin PBXProject section */
		D26BF12C2A9FACF20086C6CC /* Project object */ = {
			isa = PBXProject;
			attributes = {
				BuildIndependentTargetsInParallel = 1;
				LastSwiftUpdateCheck = 1500;
				LastUpgradeCheck = 1500;
				TargetAttributes = {
					D26BF1332A9FACF20086C6CC = {
						CreatedOnToolsVersion = 15.0;
					};
				};
			};
			buildConfigurationList = D26BF12F2A9FACF20086C6CC /* Build configuration list for PBXProject "FootballOS" */;
			compatibilityVersion = "Xcode 14.0";
			developmentRegion = en;
			hasScannedForEncodings = 0;
			knownRegions = (
				en,
				Base,
			);
			mainGroup = D26BF12B2A9FACF20086C6CC;
			packageReferences = (
				D2018C732A9FAE9700AD8C7C /* XCRemoteSwiftPackageReference "XCAFootballDataClient" */,
				D21BD0BB2A9FD6B8009C71B8 /* XCRemoteSwiftPackageReference "SVGImageSwiftUI" */,
			);
			productRefGroup = D26BF1352A9FACF20086C6CC /* Products */;
			projectDirPath = "";
			projectRoot = "";
			targets = (
				D26BF1332A9FACF20086C6CC /* FootballOS */,
			);
		};
/* End PBXProject section */

/* Begin PBXResourcesBuildPhase section */
		D26BF1322A9FACF20086C6CC /* Resources */ = {
			isa = PBXResourcesBuildPhase;
			buildActionMask = 2147483647;
			files = (
				D2018C802A9FB2EB00AD8C7C /* scorers.json in Resources */,
				D2018C822A9FB2F900AD8C7C /* standings.json in Resources */,
				D26BF1432A9FACF30086C6CC /* Preview Assets.xcassets in Resources */,
				D26BF1402A9FACF30086C6CC /* Assets.xcassets in Resources */,
			);
			runOnlyForDeploymentPostprocessing = 0;
		};
/* End PBXResourcesBuildPhase section */

/* Begin PBXSourcesBuildPhase section */
		D26BF1302A9FACF20086C6CC /* Sources */ = {
			isa = PBXSourcesBuildPhase;
			buildActionMask = 2147483647;
			files = (
				D2018C7D2A9FB0CB00AD8C7C /* FetchPhase.swift in Sources */,
				D2ACEFCA2AA039BB0058B5E9 /* TopScorersTabItemView.swift in Sources */,
				D216B66B2A9FEA650085D539 /* StandingsTabItemView.swift in Sources */,
				D2018C782A9FAEDB00AD8C7C /* StandingsTableView.swift in Sources */,
				D20D27A12B09D1270087152A /* Secret.swift in Sources */,
				D216B66D2A9FEE110085D539 /* TopScorersTableView.swift in Sources */,
				D2018C842A9FB32200AD8C7C /* Utility.swift in Sources */,
				D216B66F2A9FEE4F0085D539 /* TopScorersTableObservable.swift in Sources */,
				D2018C7B2A9FB07D00AD8C7C /* StandingsTableObservable.swift in Sources */,
				D26BF13E2A9FACF20086C6CC /* ContentView.swift in Sources */,
				D26BF13C2A9FACF20086C6CC /* FootballOSApp.swift in Sources */,
			);
			runOnlyForDeploymentPostprocessing = 0;
		};
/* End PBXSourcesBuildPhase section */

/* Begin XCBuildConfiguration section */
		D26BF1452A9FACF30086C6CC /* Debug */ = {
			isa = XCBuildConfiguration;
			buildSettings = {
				ALWAYS_SEARCH_USER_PATHS = NO;
				ASSETCATALOG_COMPILER_GENERATE_SWIFT_ASSET_SYMBOL_EXTENSIONS = YES;
				CLANG_ANALYZER_NONNULL = YES;
				CLANG_ANALYZER_NUMBER_OBJECT_CONVERSION = YES_AGGRESSIVE;
				CLANG_CXX_LANGUAGE_STANDARD = "gnu++20";
				CLANG_ENABLE_MODULES = YES;
				CLANG_ENABLE_OBJC_ARC = YES;
				CLANG_ENABLE_OBJC_WEAK = YES;
				CLANG_WARN_BLOCK_CAPTURE_AUTORELEASING = YES;
				CLANG_WARN_BOOL_CONVERSION = YES;
				CLANG_WARN_COMMA = YES;
				CLANG_WARN_CONSTANT_CONVERSION = YES;
				CLANG_WARN_DEPRECATED_OBJC_IMPLEMENTATIONS = YES;
				CLANG_WARN_DIRECT_OBJC_ISA_USAGE = YES_ERROR;
				CLANG_WARN_DOCUMENTATION_COMMENTS = YES;
				CLANG_WARN_EMPTY_BODY = YES;
				CLANG_WARN_ENUM_CONVERSION = YES;
				CLANG_WARN_INFINITE_RECURSION = YES;
				CLANG_WARN_INT_CONVERSION = YES;
				CLANG_WARN_NON_LITERAL_NULL_CONVERSION = YES;
				CLANG_WARN_OBJC_IMPLICIT_RETAIN_SELF = YES;
				CLANG_WARN_OBJC_LITERAL_CONVERSION = YES;
				CLANG_WARN_OBJC_ROOT_CLASS = YES_ERROR;
				CLANG_WARN_QUOTED_INCLUDE_IN_FRAMEWORK_HEADER = YES;
				CLANG_WARN_RANGE_LOOP_ANALYSIS = YES;
				CLANG_WARN_STRICT_PROTOTYPES = YES;
				CLANG_WARN_SUSPICIOUS_MOVE = YES;
				CLANG_WARN_UNGUARDED_AVAILABILITY = YES_AGGRESSIVE;
				CLANG_WARN_UNREACHABLE_CODE = YES;
				CLANG_WARN__DUPLICATE_METHOD_MATCH = YES;
				COPY_PHASE_STRIP = NO;
				DEBUG_INFORMATION_FORMAT = dwarf;
				ENABLE_STRICT_OBJC_MSGSEND = YES;
				ENABLE_TESTABILITY = YES;
				ENABLE_USER_SCRIPT_SANDBOXING = YES;
				GCC_C_LANGUAGE_STANDARD = gnu17;
				GCC_DYNAMIC_NO_PIC = NO;
				GCC_NO_COMMON_BLOCKS = YES;
				GCC_OPTIMIZATION_LEVEL = 0;
				GCC_PREPROCESSOR_DEFINITIONS = (
					"DEBUG=1",
					"$(inherited)",
				);
				GCC_WARN_64_TO_32_BIT_CONVERSION = YES;
				GCC_WARN_ABOUT_RETURN_TYPE = YES_ERROR;
				GCC_WARN_UNDECLARED_SELECTOR = YES;
				GCC_WARN_UNINITIALIZED_AUTOS = YES_AGGRESSIVE;
				GCC_WARN_UNUSED_FUNCTION = YES;
				GCC_WARN_UNUSED_VARIABLE = YES;
				LOCALIZATION_PREFERS_STRING_CATALOGS = YES;
				MTL_ENABLE_DEBUG_INFO = INCLUDE_SOURCE;
				MTL_FAST_MATH = YES;
				ONLY_ACTIVE_ARCH = YES;
				SDKROOT = xros;
				SWIFT_ACTIVE_COMPILATION_CONDITIONS = "DEBUG $(inherited)";
				SWIFT_OPTIMIZATION_LEVEL = "-Onone";
				XROS_DEPLOYMENT_TARGET = 1.0;
			};
			name = Debug;
		};
		D26BF1462A9FACF30086C6CC /* Release */ = {
			isa = XCBuildConfiguration;
			buildSettings = {
				ALWAYS_SEARCH_USER_PATHS = NO;
				ASSETCATALOG_COMPILER_GENERATE_SWIFT_ASSET_SYMBOL_EXTENSIONS = YES;
				CLANG_ANALYZER_NONNULL = YES;
				CLANG_ANALYZER_NUMBER_OBJECT_CONVERSION = YES_AGGRESSIVE;
				CLANG_CXX_LANGUAGE_STANDARD = "gnu++20";
				CLANG_ENABLE_MODULES = YES;
				CLANG_ENABLE_OBJC_ARC = YES;
				CLANG_ENABLE_OBJC_WEAK = YES;
				CLANG_WARN_BLOCK_CAPTURE_AUTORELEASING = YES;
				CLANG_WARN_BOOL_CONVERSION = YES;
				CLANG_WARN_COMMA = YES;
				CLANG_WARN_CONSTANT_CONVERSION = YES;
				CLANG_WARN_DEPRECATED_OBJC_IMPLEMENTATIONS = YES;
				CLANG_WARN_DIRECT_OBJC_ISA_USAGE = YES_ERROR;
				CLANG_WARN_DOCUMENTATION_COMMENTS = YES;
				CLANG_WARN_EMPTY_BODY = YES;
				CLANG_WARN_ENUM_CONVERSION = YES;
				CLANG_WARN_INFINITE_RECURSION = YES;
				CLANG_WARN_INT_CONVERSION = YES;
				CLANG_WARN_NON_LITERAL_NULL_CONVERSION = YES;
				CLANG_WARN_OBJC_IMPLICIT_RETAIN_SELF = YES;
				CLANG_WARN_OBJC_LITERAL_CONVERSION = YES;
				CLANG_WARN_OBJC_ROOT_CLASS = YES_ERROR;
				CLANG_WARN_QUOTED_INCLUDE_IN_FRAMEWORK_HEADER = YES;
				CLANG_WARN_RANGE_LOOP_ANALYSIS = YES;
				CLANG_WARN_STRICT_PROTOTYPES = YES;
				CLANG_WARN_SUSPICIOUS_MOVE = YES;
				CLANG_WARN_UNGUARDED_AVAILABILITY = YES_AGGRESSIVE;
				CLANG_WARN_UNREACHABLE_CODE = YES;
				CLANG_WARN__DUPLICATE_METHOD_MATCH = YES;
				COPY_PHASE_STRIP = NO;
				DEBUG_INFORMATION_FORMAT = "dwarf-with-dsym";
				ENABLE_NS_ASSERTIONS = NO;
				ENABLE_STRICT_OBJC_MSGSEND = YES;
				ENABLE_USER_SCRIPT_SANDBOXING = YES;
				GCC_C_LANGUAGE_STANDARD = gnu17;
				GCC_NO_COMMON_BLOCKS = YES;
				GCC_WARN_64_TO_32_BIT_CONVERSION = YES;
				GCC_WARN_ABOUT_RETURN_TYPE = YES_ERROR;
				GCC_WARN_UNDECLARED_SELECTOR = YES;
				GCC_WARN_UNINITIALIZED_AUTOS = YES_AGGRESSIVE;
				GCC_WARN_UNUSED_FUNCTION = YES;
				GCC_WARN_UNUSED_VARIABLE = YES;
				LOCALIZATION_PREFERS_STRING_CATALOGS = YES;
				MTL_ENABLE_DEBUG_INFO = NO;
				MTL_FAST_MATH = YES;
				SDKROOT = xros;
				SWIFT_COMPILATION_MODE = wholemodule;
				VALIDATE_PRODUCT = YES;
				XROS_DEPLOYMENT_TARGET = 1.0;
			};
			name = Release;
		};
		D26BF1482A9FACF30086C6CC /* Debug */ = {
			isa = XCBuildConfiguration;
			buildSettings = {
				ASSETCATALOG_COMPILER_APPICON_NAME = AppIcon;
				ASSETCATALOG_COMPILER_GLOBAL_ACCENT_COLOR_NAME = AccentColor;
				CODE_SIGN_STYLE = Automatic;
				CURRENT_PROJECT_VERSION = 1;
				DEVELOPMENT_ASSET_PATHS = "\"FootballOS/Preview Content\"";
				DEVELOPMENT_TEAM = 4J6775R6UY;
				ENABLE_PREVIEWS = YES;
				GENERATE_INFOPLIST_FILE = YES;
				INFOPLIST_FILE = "$(TARGET_NAME)/Info.plist";
				LD_RUNPATH_SEARCH_PATHS = (
					"$(inherited)",
					"@executable_path/Frameworks",
				);
				MARKETING_VERSION = 1.0;
				PRODUCT_BUNDLE_IDENTIFIER = com.alessandroseni.FootballOS;
				PRODUCT_NAME = "$(TARGET_NAME)";
				SUPPORTED_PLATFORMS = "xros xrsimulator";
				SWIFT_EMIT_LOC_STRINGS = YES;
				SWIFT_VERSION = 5.0;
				TARGETED_DEVICE_FAMILY = "1,2,7";
			};
			name = Debug;
		};
		D26BF1492A9FACF30086C6CC /* Release */ = {
			isa = XCBuildConfiguration;
			buildSettings = {
				ASSETCATALOG_COMPILER_APPICON_NAME = AppIcon;
				ASSETCATALOG_COMPILER_GLOBAL_ACCENT_COLOR_NAME = AccentColor;
				CODE_SIGN_STYLE = Automatic;
				CURRENT_PROJECT_VERSION = 1;
				DEVELOPMENT_ASSET_PATHS = "\"FootballOS/Preview Content\"";
				DEVELOPMENT_TEAM = 4J6775R6UY;
				ENABLE_PREVIEWS = YES;
				GENERATE_INFOPLIST_FILE = YES;
				INFOPLIST_FILE = "$(TARGET_NAME)/Info.plist";
				LD_RUNPATH_SEARCH_PATHS = (
					"$(inherited)",
					"@executable_path/Frameworks",
				);
				MARKETING_VERSION = 1.0;
				PRODUCT_BUNDLE_IDENTIFIER = com.alessandroseni.FootballOS;
				PRODUCT_NAME = "$(TARGET_NAME)";
				SUPPORTED_PLATFORMS = "xros xrsimulator";
				SWIFT_EMIT_LOC_STRINGS = YES;
				SWIFT_VERSION = 5.0;
				TARGETED_DEVICE_FAMILY = "1,2,7";
			};
			name = Release;
		};
/* End XCBuildConfiguration section */

/* Begin XCConfigurationList section */
		D26BF12F2A9FACF20086C6CC /* Build configuration list for PBXProject "FootballOS" */ = {
			isa = XCConfigurationList;
			buildConfigurations = (
				D26BF1452A9FACF30086C6CC /* Debug */,
				D26BF1462A9FACF30086C6CC /* Release */,
			);
			defaultConfigurationIsVisible = 0;
			defaultConfigurationName = Release;
		};
		D26BF1472A9FACF30086C6CC /* Build configuration list for PBXNativeTarget "FootballOS" */ = {
			isa = XCConfigurationList;
			buildConfigurations = (
				D26BF1482A9FACF30086C6CC /* Debug */,
				D26BF1492A9FACF30086C6CC /* Release */,
			);
			defaultConfigurationIsVisible = 0;
			defaultConfigurationName = Release;
		};
/* End XCConfigurationList section */

/* Begin XCRemoteSwiftPackageReference section */
		D2018C732A9FAE9700AD8C7C /* XCRemoteSwiftPackageReference "XCAFootballDataClient" */ = {
			isa = XCRemoteSwiftPackageReference;
			repositoryURL = "https://github.com/alfianlosari/XCAFootballDataClient";
			requirement = {
				kind = upToNextMajorVersion;
				minimumVersion = 0.1.0;
			};
		};
		D21BD0BB2A9FD6B8009C71B8 /* XCRemoteSwiftPackageReference "SVGImageSwiftUI" */ = {
			isa = XCRemoteSwiftPackageReference;
			repositoryURL = "https://github.com/alfianlosari/SVGImageSwiftUI";
			requirement = {
				branch = main;
				kind = branch;
			};
		};
/* End XCRemoteSwiftPackageReference section */

/* Begin XCSwiftPackageProductDependency section */
		D2018C742A9FAE9700AD8C7C /* XCAFootballDataClient */ = {
			isa = XCSwiftPackageProductDependency;
			package = D2018C732A9FAE9700AD8C7C /* XCRemoteSwiftPackageReference "XCAFootballDataClient" */;
			productName = XCAFootballDataClient;
		};
		D21BD0BC2A9FD6B8009C71B8 /* SVGImageSwiftUI */ = {
			isa = XCSwiftPackageProductDependency;
			package = D21BD0BB2A9FD6B8009C71B8 /* XCRemoteSwiftPackageReference "SVGImageSwiftUI" */;
			productName = SVGImageSwiftUI;
		};
		D26BF1392A9FACF20086C6CC /* RealityKitContent */ = {
			isa = XCSwiftPackageProductDependency;
			productName = RealityKitContent;
		};
/* End XCSwiftPackageProductDependency section */
	};
	rootObject = D26BF12C2A9FACF20086C6CC /* Project object */;
}
